// !$*UTF8*$!
{
	archiveVersion = 1;
	classes = {
	};
	objectVersion = 46;
	objects = {

/* Begin PBXBuildFile section */
		8E9BB9611EFA8B2B00CCD1B3 /* DateViewController.swift in Sources */ = {isa = PBXBuildFile; fileRef = 8E9BB9601EFA8B2B00CCD1B3 /* DateViewController.swift */; };
		A68B7E1F1EF1110200D583AB /* AddMovieTableViewController.swift in Sources */ = {isa = PBXBuildFile; fileRef = A68B7E1E1EF1110200D583AB /* AddMovieTableViewController.swift */; };
		A6DAC7871EF0D81D00822C6D /* AppDelegate.swift in Sources */ = {isa = PBXBuildFile; fileRef = A6DAC7861EF0D81D00822C6D /* AppDelegate.swift */; };
		A6DAC7891EF0D81D00822C6D /* ViewController.swift in Sources */ = {isa = PBXBuildFile; fileRef = A6DAC7881EF0D81D00822C6D /* ViewController.swift */; };
		A6DAC78C1EF0D81D00822C6D /* Main.storyboard in Resources */ = {isa = PBXBuildFile; fileRef = A6DAC78A1EF0D81D00822C6D /* Main.storyboard */; };
		A6DAC78E1EF0D81D00822C6D /* Assets.xcassets in Resources */ = {isa = PBXBuildFile; fileRef = A6DAC78D1EF0D81D00822C6D /* Assets.xcassets */; };
		A6DAC7911EF0D81D00822C6D /* LaunchScreen.storyboard in Resources */ = {isa = PBXBuildFile; fileRef = A6DAC78F1EF0D81D00822C6D /* LaunchScreen.storyboard */; };
		A6DAC79B1EF0E7C100822C6D /* MoviesTableViewController.swift in Sources */ = {isa = PBXBuildFile; fileRef = A6DAC79A1EF0E7C100822C6D /* MoviesTableViewController.swift */; };
/* End PBXBuildFile section */

/* Begin PBXFileReference section */
		8E9BB9601EFA8B2B00CCD1B3 /* DateViewController.swift */ = {isa = PBXFileReference; fileEncoding = 4; lastKnownFileType = sourcecode.swift; path = DateViewController.swift; sourceTree = "<group>"; };
		A68B7E1E1EF1110200D583AB /* AddMovieTableViewController.swift */ = {isa = PBXFileReference; fileEncoding = 4; lastKnownFileType = sourcecode.swift; name = AddMovieTableViewController.swift; path = ../AddMovieTableViewController.swift; sourceTree = "<group>"; };
		A6DAC7831EF0D81D00822C6D /* PhotoDemo.app */ = {isa = PBXFileReference; explicitFileType = wrapper.application; includeInIndex = 0; path = PhotoDemo.app; sourceTree = BUILT_PRODUCTS_DIR; };
		A6DAC7861EF0D81D00822C6D /* AppDelegate.swift */ = {isa = PBXFileReference; lastKnownFileType = sourcecode.swift; path = AppDelegate.swift; sourceTree = "<group>"; };
		A6DAC7881EF0D81D00822C6D /* ViewController.swift */ = {isa = PBXFileReference; lastKnownFileType = sourcecode.swift; path = ViewController.swift; sourceTree = "<group>"; };
		A6DAC78B1EF0D81D00822C6D /* Base */ = {isa = PBXFileReference; lastKnownFileType = file.storyboard; name = Base; path = Base.lproj/Main.storyboard; sourceTree = "<group>"; };
		A6DAC78D1EF0D81D00822C6D /* Assets.xcassets */ = {isa = PBXFileReference; lastKnownFileType = folder.assetcatalog; path = Assets.xcassets; sourceTree = "<group>"; };
		A6DAC7901EF0D81D00822C6D /* Base */ = {isa = PBXFileReference; lastKnownFileType = file.storyboard; name = Base; path = Base.lproj/LaunchScreen.storyboard; sourceTree = "<group>"; };
		A6DAC7921EF0D81D00822C6D /* Info.plist */ = {isa = PBXFileReference; lastKnownFileType = text.plist.xml; path = Info.plist; sourceTree = "<group>"; };
		A6DAC79A1EF0E7C100822C6D /* MoviesTableViewController.swift */ = {isa = PBXFileReference; fileEncoding = 4; lastKnownFileType = sourcecode.swift; path = MoviesTableViewController.swift; sourceTree = "<group>"; };
/* End PBXFileReference section */

/* Begin PBXFrameworksBuildPhase section */
		A6DAC7801EF0D81D00822C6D /* Frameworks */ = {
			isa = PBXFrameworksBuildPhase;
			buildActionMask = 2147483647;
			files = (
			);
			runOnlyForDeploymentPostprocessing = 0;
		};
/* End PBXFrameworksBuildPhase section */

/* Begin PBXGroup section */
		A6DAC77A1EF0D81D00822C6D = {
			isa = PBXGroup;
			children = (
				A6DAC7851EF0D81D00822C6D /* PhotoDemo */,
				A6DAC7841EF0D81D00822C6D /* Products */,
			);
			sourceTree = "<group>";
		};
		A6DAC7841EF0D81D00822C6D /* Products */ = {
			isa = PBXGroup;
			children = (
				A6DAC7831EF0D81D00822C6D /* PhotoDemo.app */,
			);
			name = Products;
			sourceTree = "<group>";
		};
		A6DAC7851EF0D81D00822C6D /* PhotoDemo */ = {
			isa = PBXGroup;
			children = (
				A68B7E1E1EF1110200D583AB /* AddMovieTableViewController.swift */,
				A6DAC7861EF0D81D00822C6D /* AppDelegate.swift */,
				A6DAC7881EF0D81D00822C6D /* ViewController.swift */,
				A6DAC78A1EF0D81D00822C6D /* Main.storyboard */,
				8E9BB9601EFA8B2B00CCD1B3 /* DateViewController.swift */,
				A6DAC79A1EF0E7C100822C6D /* MoviesTableViewController.swift */,
				A6DAC78D1EF0D81D00822C6D /* Assets.xcassets */,
				A6DAC78F1EF0D81D00822C6D /* LaunchScreen.storyboard */,
				A6DAC7921EF0D81D00822C6D /* Info.plist */,
			);
			path = PhotoDemo;
			sourceTree = "<group>";
		};
/* End PBXGroup section */

/* Begin PBXNativeTarget section */
		A6DAC7821EF0D81D00822C6D /* PhotoDemo */ = {
			isa = PBXNativeTarget;
			buildConfigurationList = A6DAC7951EF0D81D00822C6D /* Build configuration list for PBXNativeTarget "PhotoDemo" */;
			buildPhases = (
				A6DAC77F1EF0D81D00822C6D /* Sources */,
				A6DAC7801EF0D81D00822C6D /* Frameworks */,
				A6DAC7811EF0D81D00822C6D /* Resources */,
			);
			buildRules = (
			);
			dependencies = (
			);
			name = PhotoDemo;
			productName = PhotoDemo;
			productReference = A6DAC7831EF0D81D00822C6D /* PhotoDemo.app */;
			productType = "com.apple.product-type.application";
		};
/* End PBXNativeTarget section */

/* Begin PBXProject section */
		A6DAC77B1EF0D81D00822C6D /* Project object */ = {
			isa = PBXProject;
			attributes = {
				LastSwiftUpdateCheck = 0830;
				LastUpgradeCheck = 0830;
				ORGANIZATIONNAME = "Peter Pan";
				TargetAttributes = {
					A6DAC7821EF0D81D00822C6D = {
						CreatedOnToolsVersion = 8.3.1;
						ProvisioningStyle = Automatic;
					};
				};
			};
			buildConfigurationList = A6DAC77E1EF0D81D00822C6D /* Build configuration list for PBXProject "PhotoDemo" */;
			compatibilityVersion = "Xcode 3.2";
			developmentRegion = English;
			hasScannedForEncodings = 0;
			knownRegions = (
				en,
				Base,
			);
			mainGroup = A6DAC77A1EF0D81D00822C6D;
			productRefGroup = A6DAC7841EF0D81D00822C6D /* Products */;
			projectDirPath = "";
			projectRoot = "";
			targets = (
				A6DAC7821EF0D81D00822C6D /* PhotoDemo */,
			);
		};
/* End PBXProject section */

/* Begin PBXResourcesBuildPhase section */
		A6DAC7811EF0D81D00822C6D /* Resources */ = {
			isa = PBXResourcesBuildPhase;
			buildActionMask = 2147483647;
			files = (
				A6DAC7911EF0D81D00822C6D /* LaunchScreen.storyboard in Resources */,
				A6DAC78E1EF0D81D00822C6D /* Assets.xcassets in Resources */,
				A6DAC78C1EF0D81D00822C6D /* Main.storyboard in Resources */,
			);
			runOnlyForDeploymentPostprocessing = 0;
		};
/* End PBXResourcesBuildPhase section */

/* Begin PBXSourcesBuildPhase section */
		A6DAC77F1EF0D81D00822C6D /* Sources */ = {
			isa = PBXSourcesBuildPhase;
			buildActionMask = 2147483647;
			files = (
				8E9BB9611EFA8B2B00CCD1B3 /* DateViewController.swift in Sources */,
				A68B7E1F1EF1110200D583AB /* AddMovieTableViewController.swift in Sources */,
				A6DAC79B1EF0E7C100822C6D /* MoviesTableViewController.swift in Sources */,
				A6DAC7891EF0D81D00822C6D /* ViewController.swift in Sources */,
				A6DAC7871EF0D81D00822C6D /* AppDelegate.swift in Sources */,
			);
			runOnlyForDeploymentPostprocessing = 0;
		};
/* End PBXSourcesBuildPhase section */

/* Begin PBXVariantGroup section */
		A6DAC78A1EF0D81D00822C6D /* Main.storyboard */ = {
			isa = PBXVariantGroup;
			children = (
				A6DAC78B1EF0D81D00822C6D /* Base */,
			);
			name = Main.storyboard;
			sourceTree = "<group>";
		};
		A6DAC78F1EF0D81D00822C6D /* LaunchScreen.storyboard */ = {
			isa = PBXVariantGroup;
			children = (
				A6DAC7901EF0D81D00822C6D /* Base */,
			);
			name = LaunchScreen.storyboard;
			sourceTree = "<group>";
		};
/* End PBXVariantGroup section */

/* Begin XCBuildConfiguration section */
		A6DAC7931EF0D81D00822C6D /* Debug */ = {
			isa = XCBuildConfiguration;
			buildSettings = {
				ALWAYS_SEARCH_USER_PATHS = NO;
				CLANG_ANALYZER_NONNULL = YES;
				CLANG_ANALYZER_NUMBER_OBJECT_CONVERSION = YES_AGGRESSIVE;
				CLANG_CXX_LANGUAGE_STANDARD = "gnu++0x";
				CLANG_CXX_LIBRARY = "libc++";
				CLANG_ENABLE_MODULES = YES;
				CLANG_ENABLE_OBJC_ARC = YES;
				CLANG_WARN_BOOL_CONVERSION = YES;
				CLANG_WARN_CONSTANT_CONVERSION = YES;
				CLANG_WARN_DIRECT_OBJC_ISA_USAGE = YES_ERROR;
				CLANG_WARN_DOCUMENTATION_COMMENTS = YES;
				CLANG_WARN_EMPTY_BODY = YES;
				CLANG_WARN_ENUM_CONVERSION = YES;
				CLANG_WARN_INFINITE_RECURSION = YES;
				CLANG_WARN_INT_CONVERSION = YES;
				CLANG_WARN_OBJC_ROOT_CLASS = YES_ERROR;
				CLANG_WARN_SUSPICIOUS_MOVE = YES;
				CLANG_WARN_UNREACHABLE_CODE = YES;
				CLANG_WARN__DUPLICATE_METHOD_MATCH = YES;
				"CODE_SIGN_IDENTITY[sdk=iphoneos*]" = "iPhone Developer";
				COPY_PHASE_STRIP = NO;
				DEBUG_INFORMATION_FORMAT = dwarf;
				ENABLE_STRICT_OBJC_MSGSEND = YES;
				ENABLE_TESTABILITY = YES;
				GCC_C_LANGUAGE_STANDARD = gnu99;
				GCC_DYNAMIC_NO_PIC = NO;
				GCC_NO_COMMON_BLOCKS = YES;
				GCC_OPTIMIZATION_LEVEL = 0;
				GCC_PREPROCESSOR_DEFINITIONS = (
					"DEBUG=1",
					"$(inherited)",
				);
				GCC_WARN_64_TO_32_BIT_CONVERSION = YES;
				GCC_WARN_ABOUT_RETURN_TYPE = YES_ERROR;
				GCC_WARN_UNDECLARED_SELECTOR = YES;
				GCC_WARN_UNINITIALIZED_AUTOS = YES_AGGRESSIVE;
				GCC_WARN_UNUSED_FUNCTION = YES;
				GCC_WARN_UNUSED_VARIABLE = YES;
				IPHONEOS_DEPLOYMENT_TARGET = 10.3;
				MTL_ENABLE_DEBUG_INFO = YES;
				ONLY_ACTIVE_ARCH = YES;
				SDKROOT = iphoneos;
				SWIFT_ACTIVE_COMPILATION_CONDITIONS = DEBUG;
				SWIFT_OPTIMIZATION_LEVEL = "-Onone";
			};
			name = Debug;
		};
		A6DAC7941EF0D81D00822C6D /* Release */ = {
			isa = XCBuildConfiguration;
			buildSettings = {
				ALWAYS_SEARCH_USER_PATHS = NO;
				CLANG_ANALYZER_NONNULL = YES;
				CLANG_ANALYZER_NUMBER_OBJECT_CONVERSION = YES_AGGRESSIVE;
				CLANG_CXX_LANGUAGE_STANDARD = "gnu++0x";
				CLANG_CXX_LIBRARY = "libc++";
				CLANG_ENABLE_MODULES = YES;
				CLANG_ENABLE_OBJC_ARC = YES;
				CLANG_WARN_BOOL_CONVERSION = YES;
				CLANG_WARN_CONSTANT_CONVERSION = YES;
				CLANG_WARN_DIRECT_OBJC_ISA_USAGE = YES_ERROR;
				CLANG_WARN_DOCUMENTATION_COMMENTS = YES;
				CLANG_WARN_EMPTY_BODY = YES;
				CLANG_WARN_ENUM_CONVERSION = YES;
				CLANG_WARN_INFINITE_RECURSION = YES;
				CLANG_WARN_INT_CONVERSION = YES;
				CLANG_WARN_OBJC_ROOT_CLASS = YES_ERROR;
				CLANG_WARN_SUSPICIOUS_MOVE = YES;
				CLANG_WARN_UNREACHABLE_CODE = YES;
				CLANG_WARN__DUPLICATE_METHOD_MATCH = YES;
				"CODE_SIGN_IDENTITY[sdk=iphoneos*]" = "iPhone Developer";
				COPY_PHASE_STRIP = NO;
				DEBUG_INFORMATION_FORMAT = "dwarf-with-dsym";
				ENABLE_NS_ASSERTIONS = NO;
				ENABLE_STRICT_OBJC_MSGSEND = YES;
				GCC_C_LANGUAGE_STANDARD = gnu99;
				GCC_NO_COMMON_BLOCKS = YES;
				GCC_WARN_64_TO_32_BIT_CONVERSION = YES;
				GCC_WARN_ABOUT_RETURN_TYPE = YES_ERROR;
				GCC_WARN_UNDECLARED_SELECTOR = YES;
				GCC_WARN_UNINITIALIZED_AUTOS = YES_AGGRESSIVE;
				GCC_WARN_UNUSED_FUNCTION = YES;
				GCC_WARN_UNUSED_VARIABLE = YES;
				IPHONEOS_DEPLOYMENT_TARGET = 10.3;
				MTL_ENABLE_DEBUG_INFO = NO;
				SDKROOT = iphoneos;
				SWIFT_OPTIMIZATION_LEVEL = "-Owholemodule";
				VALIDATE_PRODUCT = YES;
			};
			name = Release;
		};
		A6DAC7961EF0D81D00822C6D /* Debug */ = {
			isa = XCBuildConfiguration;
			buildSettings = {
				ASSETCATALOG_COMPILER_APPICON_NAME = AppIcon;
				INFOPLIST_FILE = PhotoDemo/Info.plist;
				LD_RUNPATH_SEARCH_PATHS = "$(inherited) @executable_path/Frameworks";
				PRODUCT_BUNDLE_IDENTIFIER = com.g0.PhotoDemo;
				PRODUCT_NAME = "$(TARGET_NAME)";
				SWIFT_VERSION = 3.0;
			};
			name = Debug;
		};
		A6DAC7971EF0D81D00822C6D /* Release */ = {
			isa = XCBuildConfiguration;
			buildSettings = {
				ASSETCATALOG_COMPILER_APPICON_NAME = AppIcon;
				INFOPLIST_FILE = PhotoDemo/Info.plist;
				LD_RUNPATH_SEARCH_PATHS = "$(inherited) @executable_path/Frameworks";
				PRODUCT_BUNDLE_IDENTIFIER = com.g0.PhotoDemo;
				PRODUCT_NAME = "$(TARGET_NAME)";
				SWIFT_VERSION = 3.0;
			};
			name = Release;
		};
/* End XCBuildConfiguration section */

/* Begin XCConfigurationList section */
		A6DAC77E1EF0D81D00822C6D /* Build configuration list for PBXProject "PhotoDemo" */ = {
			isa = XCConfigurationList;
			buildConfigurations = (
				A6DAC7931EF0D81D00822C6D /* Debug */,
				A6DAC7941EF0D81D00822C6D /* Release */,
			);
			defaultConfigurationIsVisible = 0;
			defaultConfigurationName = Release;
		};
		A6DAC7951EF0D81D00822C6D /* Build configuration list for PBXNativeTarget "PhotoDemo" */ = {
			isa = XCConfigurationList;
			buildConfigurations = (
				A6DAC7961EF0D81D00822C6D /* Debug */,
				A6DAC7971EF0D81D00822C6D /* Release */,
			);
			defaultConfigurationIsVisible = 0;
			defaultConfigurationName = Release;
		};
/* End XCConfigurationList section */
	};
	rootObject = A6DAC77B1EF0D81D00822C6D /* Project object */;
}
